
Microsoft Visual Studio Solution File, Format Version 12.00
# Visual Studio Version 16
VisualStudioVersion = 16.0.31205.134
MinimumVisualStudioVersion = 10.0.40219.1
Project("{9A19103F-16F7-4668-BE54-9A1E7A4F7556}") = "DelegateDemo", "DelegateDemo\DelegateDemo.csproj", "{D3AADFF6-E4FC-4247-B501-F4D09F8F79D7}"
EndProject
Project("{9A19103F-16F7-4668-BE54-9A1E7A4F7556}") = "EventsDemo", "EventsDemo\EventsDemo.csproj", "{9B328ED8-CDE6-49C7-9AA2-B67D1A7E7E1F}"
EndProject
Global
	GlobalSection(SolutionConfigurationPlatforms) = preSolution
		Debug|Any CPU = Debug|Any CPU
		Release|Any CPU = Release|Any CPU
	EndGlobalSection
	GlobalSection(ProjectConfigurationPlatforms) = postSolution
		{D3AADFF6-E4FC-4247-B501-F4D09F8F79D7}.Debug|Any CPU.ActiveCfg = Debug|Any CPU
		{D3AADFF6-E4FC-4247-B501-F4D09F8F79D7}.Debug|Any CPU.Build.0 = Debug|Any CPU
		{D3AADFF6-E4FC-4247-B501-F4D09F8F79D7}.Release|Any CPU.ActiveCfg = Release|Any CPU
		{D3AADFF6-E4FC-4247-B501-F4D09F8F79D7}.Release|Any CPU.Build.0 = Release|Any CPU
		{9B328ED8-CDE6-49C7-9AA2-B67D1A7E7E1F}.Debug|Any CPU.ActiveCfg = Debug|Any CPU
		{9B328ED8-CDE6-49C7-9AA2-B67D1A7E7E1F}.Debug|Any CPU.Build.0 = Debug|Any CPU
		{9B328ED8-CDE6-49C7-9AA2-B67D1A7E7E1F}.Release|Any CPU.ActiveCfg = Release|Any CPU
		{9B328ED8-CDE6-49C7-9AA2-B67D1A7E7E1F}.Release|Any CPU.Build.0 = Release|Any CPU
	EndGlobalSection
	GlobalSection(SolutionProperties) = preSolution
		HideSolutionNode = FALSE
	EndGlobalSection
	GlobalSection(ExtensibilityGlobals) = postSolution
		SolutionGuid = {1BB86780-4C6F-4BC5-89E8-B5AE49D56B79}
	EndGlobalSection
EndGlobal
